{
    "_meta": {
        "hash": {
            "sha256": "6aa7569f6deed9033f855fbce1f4a828af5ae7e09197d1d524ef0a091f4710d9"
        },
        "pipfile-spec": 6,
        "requires": {
            "python_version": "3.7"
        },
        "sources": [
            {
                "name": "pypi",
                "url": "https://pypi.org/simple",
                "verify_ssl": true
            }
        ]
    },
    "default": {
        "absl-py": {
            "hashes": [
                "sha256:b943d1c567743ed0455878fcd60bc28ac9fae38d129d1ccfad58079da00b8951"
            ],
            "version": "==0.7.1"
        },
        "astor": {
            "hashes": [
                "sha256:95c30d87a6c2cf89aa628b87398466840f0ad8652f88eb173125a6df8533fb8d",
                "sha256:fb503b9e2fdd05609fbf557b916b4a7824171203701660f0c55bbf5a7a68713e"
            ],
            "version": "==0.7.1"
        },
        "cycler": {
            "hashes": [
                "sha256:1d8a5ae1ff6c5cf9b93e8811e581232ad8920aeec647c37316ceac982b08cb2d",
                "sha256:cd7b2d1018258d7247a71425e9f26463dfb444d411c39569972f4ce586b0c9d8"
            ],
            "version": "==0.10.0"
        },
        "gast": {
            "hashes": [
                "sha256:fe939df4583692f0512161ec1c880e0a10e71e6a232da045ab8edd3756fbadf0"
            ],
            "version": "==0.2.2"
        },
        "google-pasta": {
            "hashes": [
                "sha256:445b38ff8aeb8e140aaefc9b18e7766b9170efe8f3ca8632cc5e3ed9b2546f53",
                "sha256:477b14e952f50beba4643dd90171379009aa89736548855a3f09ae2c78ab50e6",
                "sha256:5d9a1c25eb5b656d81021e9f0fdbe05cc8cc999b6da53730936d337af5c971af"
            ],
            "version": "==0.1.6"
        },
        "grpcio": {
            "hashes": [
                "sha256:014b2deffef80999f7db6088fd06a741e558f0407515e05cceb85e112e4e5b37",
                "sha256:0479a6a6c8681d1f442c8f62e0a13f454a6c344b7784390b6a12731132e06556",
                "sha256:09e7c139d2d163e319a1072780e6743a697f8aa33f58273f38fd04b6a11dd48a",
                "sha256:0fae3b3049c9dac50d8fac890b8c070f887606c593c26e6733c02785c6a91c38",
                "sha256:1d8e05bbffe4118cd8c1c2ec31e7a79689a001fa55b4bfb3e6dde24d1841afcb",
                "sha256:207201bf799d39b4171a3e403afbfeb2978f5f8e9570f2f1e5d0332a9dee39c1",
                "sha256:22c53e8354c7f268fd1b429abd84ce3cc71a3279b67297ab3d3ce10fd7bc073a",
                "sha256:23a15b2074193ba2aa6229fa2a1992381d86f25761de0a7f60e3f2c81b1f268a",
                "sha256:278e8bf70c1e4896e0957c1704ee7660717d3367a78a6953c36fdb23a7b54eb9",
                "sha256:299fcef4f72502a85215767f32c5cfb5cd417b74d4e68c4e053a290c0086603c",
                "sha256:3e1d47a0a0bca60396a9cb90b65014bc457f7fcb8b3ea97c14aad96172120869",
                "sha256:4bde8e2299b37b2a8c6d16c32c911777f1973ea8ea470cba53715ff37f3e7cfe",
                "sha256:70f317a04e97811eecf7f0d908fddf227377401c1387d0e6d459966c9bdaaa4a",
                "sha256:7488f6f8c0c9615a83f8f7d89d0bcd54ff0309723d390338a4fbf8769c761ebc",
                "sha256:7742220197715d26cc96c9d95b5945edc644a466d90b429185fc04a7a3bb4dee",
                "sha256:7e925343f7eb306efed492a6e2f68ce4366f89741711b3271ba1d5d636daea26",
                "sha256:7ef6d1a4e5c0521925c355247294f8a47679908009d330f9c32855bc8e40142a",
                "sha256:89e3a09623737cc6ff03a70205d88fe1ff90cc664dcc52dfd12d5b669ffe1944",
                "sha256:8ce072639aace5e04c77ae6a65ebafdc83627f02b01b84de4b12cab76062e24b",
                "sha256:90a266352b40367649f96a6cd3375155b716ec50e478cb54c58f433aebf62861",
                "sha256:976ed048ab555c638fed8d6d107a71fc4230f982001f2a0851c7e43de158735b",
                "sha256:98c1afd179f94b73f7bc06373b60dc72ced8d2817115f5203878ea4da73fba8e",
                "sha256:9f4e3f3ab9afb51c4cd47a34a4c6f8af075e5b883afb642f7aec46436691cb27",
                "sha256:a60b2095eeb19144308b34241eaf258dca5deefc0ddc9ebcce5da869cab0cb77",
                "sha256:a87f81d8dbf605b3bb13468c3f0ac3e649dfbbf2418656fdb829d6a195463292",
                "sha256:ae496848fd7283b49a5b23c0caca3ef3d867449f7dbc66d1b619b6a19d1eb422",
                "sha256:b3e26d6ffe8c5fc3302722142ae501e0a4743664827629cc154c5864efd360c2",
                "sha256:b9ef3a0c6b64dd0527048810faec790a1254bf070e6ac7fba51c7fc1df19f718",
                "sha256:c23e2c7ecbf93eaca278232863a8621f587aea454ea6b71643631b26ac6ce61c",
                "sha256:c86e4be6a723d08f1cfdfbdb5350e85c0222d0ff4344c30c2de9b357ad43c9f7",
                "sha256:cb6572f601fabf3a23c543c2146a0c8599c6af24fd1b450eaea644521d269572",
                "sha256:ebc13ca201f7a41571bddb51596cd1168c429b62f37c8fc693ce9d6a36ea6ceb"
            ],
            "version": "==1.21.0rc1"
        },
        "h5py": {
            "hashes": [
                "sha256:05750b91640273c69989c657eaac34b091abdd75efc8c4824c82aaf898a2da0a",
                "sha256:082a27208aa3a2286e7272e998e7e225b2a7d4b7821bd840aebf96d50977abbb",
                "sha256:08e2e8297195f9e813e894b6c63f79372582787795bba2014a2db6a2de95f713",
                "sha256:0dd2adeb2e9de5081eb8dcec88874e7fd35dae9a21557be3a55a3c7d491842a4",
                "sha256:0f94de7a10562b991967a66bbe6dda9808e18088676834c0a4dcec3fdd3bcc6f",
                "sha256:106e42e2e01e486a3d32eeb9ba0e3a7f65c12fa8998d63625fa41fb8bdc44cdb",
                "sha256:1606c66015f04719c41a9863c156fc0e6b992150de21c067444bcb82e7d75579",
                "sha256:1854c4beff9961e477e133143c5e5e355dac0b3ebf19c52cf7cc1b1ef757703c",
                "sha256:1e9fb6f1746500ea91a00193ce2361803c70c6b13f10aae9a33ad7b5bd28e800",
                "sha256:2cca17e80ddb151894333377675db90cd0279fa454776e0a4f74308376afd050",
                "sha256:30e365e8408759db3778c361f1e4e0fe8e98a875185ae46c795a85e9bafb9cdf",
                "sha256:3206bac900e16eda81687d787086f4ffd4f3854980d798e191a9868a6510c3ae",
                "sha256:3c23d72058647cee19b30452acc7895621e2de0a0bd5b8a1e34204b9ea9ed43c",
                "sha256:407b5f911a83daa285bbf1ef78a9909ee5957f257d3524b8606be37e8643c5f0",
                "sha256:4162953714a9212d373ac953c10e3329f1e830d3c7473f2a2e4f25dd6241eef0",
                "sha256:5fc7aba72a51b2c80605eba1c50dbf84224dcd206279d30a75c154e5652e1fe4",
                "sha256:713ac19307e11de4d9833af0c4bd6778bde0a3d967cafd2f0f347223711c1e31",
                "sha256:71b946d80ef3c3f12db157d7778b1fe74a517ca85e94809358b15580983c2ce2",
                "sha256:8cc4aed71e20d87e0a6f02094d718a95252f11f8ed143bc112d22167f08d4040",
                "sha256:9d41ca62daf36d6b6515ab8765e4c8c4388ee18e2a665701fef2b41563821002",
                "sha256:a744e13b000f234cd5a5b2a1f95816b819027c57f385da54ad2b7da1adace2f3",
                "sha256:b087ee01396c4b34e9dc41e3a6a0442158206d383c19c7d0396d52067b17c1cb",
                "sha256:b0f03af381d33306ce67d18275b61acb4ca111ced645381387a02c8a5ee1b796",
                "sha256:b9e4b8dfd587365bdd719ae178fa1b6c1231f81280b1375eef8626dfd8761bf3",
                "sha256:c5dd4ec75985b99166c045909e10f0534704d102848b1d9f0992720e908928e7",
                "sha256:d2b82f23cd862a9d05108fe99967e9edfa95c136f532a71cb3d28dc252771f50",
                "sha256:e58a25764472af07b7e1c4b10b0179c8ea726446c7141076286e41891bf3a563",
                "sha256:f3b49107fbfc77333fc2b1ef4d5de2abcd57e7ea3a1482455229494cf2da56ce"
            ],
            "version": "==2.9.0"
        },
        "keras-applications": {
            "hashes": [
                "sha256:60607b2b98868983e5153bf1cc6aa468ba73adc93bc977a90edaa4bc595e69fa",
                "sha256:94b8acc84fb8b1e3d752e20ed4cafa8377c9ecf6e6c1aa09942d959dc02e439a"
            ],
            "version": "==1.0.7"
        },
        "keras-preprocessing": {
            "hashes": [
                "sha256:0170b799a7562f80ad7931d22d56de22cf4bdd502e11c48f31a46380137a70a8",
                "sha256:5e3700117981c2db762e512ed6586638124fac5842170701628088a11aeb51ac"
            ],
            "version": "==1.0.9"
        },
        "kiwisolver": {
            "hashes": [
                "sha256:05b5b061e09f60f56244adc885c4a7867da25ca387376b02c1efc29cc16bcd0f",
                "sha256:26f4fbd6f5e1dabff70a9ba0d2c4bd30761086454aa30dddc5b52764ee4852b7",
                "sha256:3b2378ad387f49cbb328205bda569b9f87288d6bc1bf4cd683c34523a2341efe",
                "sha256:400599c0fe58d21522cae0e8b22318e09d9729451b17ee61ba8e1e7c0346565c",
                "sha256:47b8cb81a7d18dbaf4fed6a61c3cecdb5adec7b4ac292bddb0d016d57e8507d5",
                "sha256:53eaed412477c836e1b9522c19858a8557d6e595077830146182225613b11a75",
                "sha256:58e626e1f7dfbb620d08d457325a4cdac65d1809680009f46bf41eaf74ad0187",
                "sha256:5a52e1b006bfa5be04fe4debbcdd2688432a9af4b207a3f429c74ad625022641",
                "sha256:5c7ca4e449ac9f99b3b9d4693debb1d6d237d1542dd6a56b3305fe8a9620f883",
                "sha256:682e54f0ce8f45981878756d7203fd01e188cc6c8b2c5e2cf03675390b4534d5",
                "sha256:79bfb2f0bd7cbf9ea256612c9523367e5ec51d7cd616ae20ca2c90f575d839a2",
                "sha256:7f4dd50874177d2bb060d74769210f3bce1af87a8c7cf5b37d032ebf94f0aca3",
                "sha256:8944a16020c07b682df861207b7e0efcd2f46c7488619cb55f65882279119389",
                "sha256:8aa7009437640beb2768bfd06da049bad0df85f47ff18426261acecd1cf00897",
                "sha256:939f36f21a8c571686eb491acfffa9c7f1ac345087281b412d63ea39ca14ec4a",
                "sha256:9733b7f64bd9f807832d673355f79703f81f0b3e52bfce420fc00d8cb28c6a6c",
                "sha256:a02f6c3e229d0b7220bd74600e9351e18bc0c361b05f29adae0d10599ae0e326",
                "sha256:a0c0a9f06872330d0dd31b45607197caab3c22777600e88031bfe66799e70bb0",
                "sha256:acc4df99308111585121db217681f1ce0eecb48d3a828a2f9bbf9773f4937e9e",
                "sha256:b64916959e4ae0ac78af7c3e8cef4becee0c0e9694ad477b4c6b3a536de6a544",
                "sha256:d3fcf0819dc3fea58be1fd1ca390851bdb719a549850e708ed858503ff25d995",
                "sha256:d52e3b1868a4e8fd18b5cb15055c76820df514e26aa84cc02f593d99fef6707f",
                "sha256:db1a5d3cc4ae943d674718d6c47d2d82488ddd94b93b9e12d24aabdbfe48caee",
                "sha256:e3a21a720791712ed721c7b95d433e036134de6f18c77dbe96119eaf7aa08004",
                "sha256:e8bf074363ce2babeb4764d94f8e65efd22e6a7c74860a4f05a6947afc020ff2",
                "sha256:f16814a4a96dc04bf1da7d53ee8d5b1d6decfc1a92a63349bb15d37b6a263dd9",
                "sha256:f2b22153870ca5cf2ab9c940d7bc38e8e9089fa0f7e5856ea195e1cf4ff43d5a",
                "sha256:f790f8b3dff3d53453de6a7b7ddd173d2e020fb160baff578d578065b108a05f"
            ],
            "version": "==1.1.0"
        },
        "markdown": {
            "hashes": [
                "sha256:fc4a6f69a656b8d858d7503bda633f4dd63c2d70cf80abdc6eafa64c4ae8c250",
                "sha256:fe463ff51e679377e3624984c829022e2cfb3be5518726b06f608a07a3aad680"
            ],
            "version": "==3.1"
        },
        "matplotlib": {
            "hashes": [
                "sha256:00b3b4febc91b43f82dd732bfff2edc397386dfd093ea7be1eb0f8f964295914",
                "sha256:18840067e75af824009538af4b46a835c38befb4680c31f927661d3009a8f38f",
                "sha256:3fabcbbba7330d9bbd57167c79e1df862d97e3795c3ea98b69686f7dfd301bed",
                "sha256:4d88eaf52d077507caf08299f1d97eb8b967687a48d612a513ba862f6e6f713d",
                "sha256:62f1c4acda47690478b949a8d2d45eb707246331cf19d64c5f461796f52bb36d",
                "sha256:881d857e7c358ad81ca27ca16f6d7c72da8b0d4bd129d6e7267354761a479176",
                "sha256:89574094a1deecbd7e9454196b28745feae703bb480aa3359cc9f2a4db0a03c8",
                "sha256:92f10282f38b2b7d2d685da317ac9b1c2bf224e68815fc83a0d2145babc0c6fc",
                "sha256:a48f3a2fb8f43d933085e48971204a6701ab72afa3574981072874727628d2c9"
            ],
            "index": "pypi",
            "version": "==3.1.0rc2"
        },
        "numpy": {
            "hashes": [
                "sha256:0e2eed77804b2a6a88741f8fcac02c5499bba3953ec9c71e8b217fad4912c56c",
                "sha256:1c666f04553ef70fda54adf097dbae7080645435fc273e2397f26bbf1d127bbb",
                "sha256:1f46532afa7b2903bfb1b79becca2954c0a04389d19e03dc73f06b039048ac40",
                "sha256:315fa1b1dfc16ae0f03f8fd1c55f23fd15368710f641d570236f3d78af55e340",
                "sha256:3d5fcea4f5ed40c3280791d54da3ad2ecf896f4c87c877b113576b8280c59441",
                "sha256:48241759b99d60aba63b0e590332c600fc4b46ad597c9b0a53f350b871ef0634",
                "sha256:4b4f2924b36d857cf302aec369caac61e43500c17eeef0d7baacad1084c0ee84",
                "sha256:54fe3b7ed9e7eb928bbc4318f954d133851865f062fa4bbb02ef8940bc67b5d2",
                "sha256:5a8f021c70e6206c317974c93eaaf9bc2b56295b6b1cacccf88846e44a1f33fc",
                "sha256:754a6be26d938e6ca91942804eb209307b73f806a1721176278a6038869a1686",
                "sha256:771147e654e8b95eea1293174a94f34e2e77d5729ad44aefb62fbf8a79747a15",
                "sha256:78a6f89da87eeb48014ec652a65c4ffde370c036d780a995edaeb121d3625621",
                "sha256:7fde5c2a3a682a9e101e61d97696687ebdba47637611378b4127fe7e47fdf2bf",
                "sha256:80d99399c97f646e873dd8ce87c38cfdbb668956bbc39bc1e6cac4b515bba2a0",
                "sha256:88a72c1e45a0ae24d1f249a529d9f71fe82e6fa6a3fd61414b829396ec585900",
                "sha256:a4f4460877a16ac73302a9c077ca545498d9fe64e6a81398d8e1a67e4695e3df",
                "sha256:a61255a765b3ac73ee4b110b28fccfbf758c985677f526c2b4b39c48cc4b509d",
                "sha256:ab4896a8c910b9a04c0142871d8800c76c8a2e5ff44763513e1dd9d9631ce897",
                "sha256:abbd6b1c2ef6199f4b7ca9f818eb6b31f17b73a6110aadc4e4298c3f00fab24e",
                "sha256:b16d88da290334e33ea992c56492326ea3b06233a00a1855414360b77ca72f26",
                "sha256:b78a1defedb0e8f6ae1eb55fa6ac74ab42acc4569c3a2eacc2a407ee5d42ebcb",
                "sha256:cfef82c43b8b29ca436560d51b2251d5117818a8d1fb74a8384a83c096745dad",
                "sha256:d160e57731fcdec2beda807ebcabf39823c47e9409485b5a3a1db3a8c6ce763e"
            ],
            "version": "==1.16.3"
        },
        "protobuf": {
            "hashes": [
                "sha256:11f2c15439d9829f76b26cae0f84f07a983a8841653f4d1a2e8029ff86daa24f",
                "sha256:16086fa92cde5c8d71c92647f262124e4793335babc226ebe207b051cbdb9b01",
                "sha256:2f1b6aa87597991ef72c52589a60316fe416164f096f6fb2bec44641e47f4e2d",
                "sha256:359813c76c447f74774031dd9fffc7bc596f6294cb4ec3a9d25755a96cb0d1da",
                "sha256:3d78230744110a9d842723ca31534bd7a5f47a1507d90f8b1d4b33776ec15cf8",
                "sha256:4d738b4587a13ad518140744b80a59fae6d73f0ca2cf20b087f949ccf7366a11",
                "sha256:563f2cc30e69e61b2bf114c9308df5dd4c3571865cf1c61e19d6d9a12f4b480a",
                "sha256:59a6a5cc058bf0fddbb55c1e30dc70ffadb2bdbc45701973bd9ce0085f266a6a",
                "sha256:7e08e561ba1a922dc46cac7a008613cd12641988d1fab2e8c520be9a2628ed49",
                "sha256:7e57e7457ca91d9223cdc808c81a47e2da36ccb713dc8629250f247cc5afa1a8",
                "sha256:b403309a5a682ced2910c885ee751d643c0aef50c7574171cf965e861c8f4f5a",
                "sha256:cbfa8afbed3bb1ecd82106c77b8718e5ed3fc69a140c51bcdec1ebadc915ccbc",
                "sha256:d480ed1cd68cdb8571180afbf067cb1dedcdb6bb4e396090e88880a5cd2c3698",
                "sha256:da3c8889fc53566a23621739ca08b72628022347b3611ea7b6a7b24a6a61e88f",
                "sha256:dedfea055c534258a974362a31e0fd101b16b2a6021ac05fdf5a180cb3d809fb",
                "sha256:f0de5a4efd1829be0a30369c7586f24734241e1db4184e8052fc0b69135325e7",
                "sha256:f1c167e5952bd703295d82b282b0accd7aa825806181804f3f20d04af93dcb5f",
                "sha256:f284f3e662111ff1d79846c214f1780d60e54c4bf7d7c3563b7543fc1bfc9d75"
            ],
            "version": "==3.8.0rc1"
        },
        "pyparsing": {
            "hashes": [
                "sha256:1873c03321fc118f4e9746baf201ff990ceb915f433f23b395f5580d1840cb2a",
                "sha256:9b6323ef4ab914af344ba97510e966d64ba91055d6b9afa6b30799340e89cc03"
            ],
            "version": "==2.4.0"
        },
        "python-dateutil": {
            "hashes": [
                "sha256:7e6584c74aeed623791615e26efd690f29817a27c73085b78e4bad02493df2fb",
                "sha256:c89805f6f4d64db21ed966fda138f8a5ed7a4fdbc1a8ee329ce1b74e3c74da9e"
            ],
            "version": "==2.8.0"
        },
        "six": {
            "hashes": [
                "sha256:3350809f0555b11f552448330d0b52d5f24c91a322ea4a15ef22629740f3761c",
                "sha256:d16a0141ec1a18405cd4ce8b4613101da75da0e9a7aec5bdd4fa804d0e0eba73"
            ],
            "version": "==1.12.0"
        },
        "tb-nightly": {
            "hashes": [
                "sha256:29784a5c46253e03f9a7849905f4939c4688d9006e454cdaac2cb2add862c53f",
                "sha256:bc69ec5d15114ac4afb42e3a0e55c5cd9a5a50f93826d06949b576139c9306eb"
            ],
            "version": "==1.14.0a20190301"
        },
        "tensorflow": {
            "hashes": [
                "sha256:13d0a3cab2c912bdd61a5294ade565dc7d1cac090994d22b058ff5ea7ce2056c",
                "sha256:19589816f7b1451c493ddff03be4dc8b922ba3c9297a6c5ca37342b44a8bedcf",
                "sha256:20f27098a94fc18c51bce48af61477fa669a4012ba4cad8215ffbfce1f210a45",
                "sha256:3eecb1412df267336d4a9c611e65f8dad98f01be7ba9b7ff2b6601b200e166e5",
                "sha256:499834651a261c1fe3b04389ffedd595b01c28935a3d5d29e509724f09a9b9ea",
                "sha256:586c1936e14ffed827744faa0d56800c1c94e18ade6ad157eea43df66046d97c",
                "sha256:6a3859ad31832e60345bbf3a5c206e5785a8412b25665e8042ad239044fb2a43",
                "sha256:772213fc09e2840ca4158babfec8bf17a12d64f07dd2f99ceb00ceb5d6b7bdae",
                "sha256:842a1d19693ab32f6d0e2366410e58e20ef44a0f507867bbceb3ce272b370198",
                "sha256:924b8967e494612b8dd0a47d70057da5155f466a4279d62c34bdf153f81aaea7",
                "sha256:95bb640923aa4b6e8844bb4015f9e4d96c1512d2356c0b5916383896939c79ab",
                "sha256:aeec178281d97265d0992b792a642e4c993edabf5cf44ffafa35b92a51ff86ea",
                "sha256:c915ad88bf48fedb83aab4ebfda56a6b90669011a31dd333f8fdac3929e3fd38",
                "sha256:dfac0742ac5c610ebec84a7a9ae09034a7a1bdb6fb0bc30ed63f691eb980992b",
                "sha256:fc633e08a3a39d5d361449e3697ee480cb0e0a88e3638b2f3fba55422b5ff47f"
            ],
            "index": "pypi",
            "version": "==2.0.0a0"
        },
        "termcolor": {
            "hashes": [
                "sha256:1d6d69ce66211143803fbc56652b41d73b4a400a2891d7bf7a1cdf4c02de613b"
            ],
            "version": "==1.1.0"
        },
        "tf-estimator-nightly": {
            "hashes": [
                "sha256:4730dc0315fb1a24573f78ea603b0e3e1dedcf4c2ac327989d07afdead515e3d"
            ],
            "version": "==1.14.0.dev2019030115"
        },
        "werkzeug": {
            "hashes": [
                "sha256:0a73e8bb2ff2feecfc5d56e6f458f5b99290ef34f565ffb2665801ff7de6af7a",
                "sha256:7fad9770a8778f9576693f0cc29c7dcc36964df916b83734f4431c0e612a7fbc"
            ],
            "version": "==0.15.2"
        },
        "wheel": {
            "hashes": [
                "sha256:5e79117472686ac0c4aef5bad5172ea73a1c2d1646b808c35926bd26bdfb0c08",
                "sha256:62fcfa03d45b5b722539ccbc07b190e4bfff4bb9e3a4d470dd9f6a0981002565"
            ],
            "markers": "python_version >= '3'",
            "version": "==0.33.4"
        }
    },
    "develop": {}
}
